
Microsoft Visual Studio Solution File, Format Version 12.00
# Visual Studio Version 17
VisualStudioVersion = 17.14.36429.23 d17.14
MinimumVisualStudioVersion = 10.0.40219.1
Project("{FAE04EC0-301F-11D3-BF4B-00C04F79EFBC}") = "CalendarMini", "CalendarMini.csproj", "{F5454590-208A-445E-BC33-CB0E20E5B252}"
EndProject
Global
	GlobalSection(SolutionConfigurationPlatforms) = preSolution
		Debug|Any CPU = Debug|Any CPU
		Release|Any CPU = Release|Any CPU
	EndGlobalSection
	GlobalSection(ProjectConfigurationPlatforms) = postSolution
		{F5454590-208A-445E-BC33-CB0E20E5B252}.Debug|Any CPU.ActiveCfg = Debug|Any CPU
		{F5454590-208A-445E-BC33-CB0E20E5B252}.Debug|Any CPU.Build.0 = Debug|Any CPU
		{F5454590-208A-445E-BC33-CB0E20E5B252}.Release|Any CPU.ActiveCfg = Release|Any CPU
		{F5454590-208A-445E-BC33-CB0E20E5B252}.Release|Any CPU.Build.0 = Release|Any CPU
	EndGlobalSection
	GlobalSection(SolutionProperties) = preSolution
		HideSolutionNode = FALSE
	EndGlobalSection
	GlobalSection(ExtensibilityGlobals) = postSolution
		SolutionGuid = {0922BA91-2EBE-4F9A-BA17-0B57C2D6B2AF}
	EndGlobalSection
EndGlobal
